{
  "name": "wake-word-engine",
  "version": "1.0.0",
  "lockfileVersion": 3,
  "requires": true,
  "packages": {
    "": {
      "name": "wake-word-engine",
      "version": "1.0.0",
      "dependencies": {
        "decibri": "^1.0.0",
        "sentencepiece-js": "1.1.0",
        "sherpa-onnx": "1.12.28"
      }
    },
    "node_modules/app-root-path": {
      "version": "3.1.0",
      "resolved": "https://registry.npmjs.org/app-root-path/-/app-root-path-3.1.0.tgz",
      "integrity": "sha512-biN3PwB2gUtjaYy/isrU3aNWI5w+fAfvHkSvCKeQGxhmYpwKFUxudR3Yya+KqVRHBmEDYh+/lTozYCFbmzX4nA==",
      "license": "MIT",
      "engines": {
        "node": ">= 6.0.0"
      }
    },
    "node_modules/decibri": {
      "version": "1.0.0",
      "resolved": "https://registry.npmjs.org/decibri/-/decibri-1.0.0.tgz",
      "integrity": "sha512-zQ3PUoNneE1zuVHXnHqw79rmLwaRBN5J1ABL7b0OanoscEVU/XtYQzY5+vtuWcPv1QM31mQU9vqnlky0mh9XMQ==",
      "cpu": [
        "x64",
        "arm64"
      ],
      "hasInstallScript": true,
      "license": "Apache-2.0",
      "os": [
        "win32",
        "darwin",
        "linux"
      ],
      "dependencies": {
        "node-gyp-build": "^4.6.0"
      },
      "engines": {
        "node": ">=18.0.0"
      }
    },
    "node_modules/node-gyp-build": {
      "version": "4.8.4",
      "resolved": "https://registry.npmjs.org/node-gyp-build/-/node-gyp-build-4.8.4.tgz",
      "integrity": "sha512-LA4ZjwlnUblHVgq0oBF3Jl/6h/Nvs5fzBLwdEF4nuxnFdsfajde4WfxtJr3CaiH+F6ewcIB/q4jQ4UzPyid+CQ==",
      "license": "MIT",
      "bin": {
        "node-gyp-build": "bin.js",
        "node-gyp-build-optional": "optional.js",
        "node-gyp-build-test": "build-test.js"
      }
    },
    "node_modules/sentencepiece-js": {
      "version": "1.1.0",
      "resolved": "https://registry.npmjs.org/sentencepiece-js/-/sentencepiece-js-1.1.0.tgz",
      "integrity": "sha512-HN6teKCRO9tz37zbaNI3i+vMZ/JRWDt6kmZ7OVpzQv1jZHyYNmf5tE7CFpIYN86+y9TLB0cuscMdA3OHhT/MhQ==",
      "license": "Apache-2.0",
      "dependencies": {
        "app-root-path": "^3.1.0"
      }
    },
    "node_modules/sherpa-onnx": {
      "version": "1.12.28",
      "resolved": "https://registry.npmjs.org/sherpa-onnx/-/sherpa-onnx-1.12.28.tgz",
      "integrity": "sha512-PaOuTCUA/Vh5o3zcq+z3j1Zpv2VlP7iubOgYoVODDyeFDicRxjskiEQqERdWEcpQUi6vh47q3A63bS7Y9FRHNg==",
      "license": "Apache-2.0"
    }
  }
}
