{
  "name": "wake-word-engine",
  "version": "1.0.0",
  "lockfileVersion": 3,
  "requires": true,
  "packages": {
    "": {
      "name": "wake-word-engine",
      "version": "1.0.0",
      "dependencies": {
        "decibri": "^5.7.0",
        "sentencepiece-js": "1.1.0",
        "sherpa-onnx": "1.12.28"
      }
    },
    "node_modules/@decibri/decibri-darwin-arm64": {
      "version": "5.7.0",
      "resolved": "https://registry.npmjs.org/@decibri/decibri-darwin-arm64/-/decibri-darwin-arm64-5.7.0.tgz",
      "integrity": "sha512-RkU5JXH3+ijxGtynnVECo3wtFWqzGKmCqw5e1Tn3Y6Y1njDmiz/r1xNotf6Iq43nJu+czDUTcOh6o2ZNVJvWyg==",
      "cpu": [
        "arm64"
      ],
      "license": "Apache-2.0",
      "optional": true,
      "os": [
        "darwin"
      ]
    },
    "node_modules/@decibri/decibri-linux-arm64-gnu": {
      "version": "5.7.0",
      "resolved": "https://registry.npmjs.org/@decibri/decibri-linux-arm64-gnu/-/decibri-linux-arm64-gnu-5.7.0.tgz",
      "integrity": "sha512-9D8JLtl041mhGqqvrGiKMLq+Dxu+wKJ+8vFc32bESLkZUxCbtfHgSiMcyMdojYRab6NpbL7aK7mebad2WltHvw==",
      "cpu": [
        "arm64"
      ],
      "license": "Apache-2.0",
      "optional": true,
      "os": [
        "linux"
      ]
    },
    "node_modules/@decibri/decibri-linux-x64-gnu": {
      "version": "5.7.0",
      "resolved": "https://registry.npmjs.org/@decibri/decibri-linux-x64-gnu/-/decibri-linux-x64-gnu-5.7.0.tgz",
      "integrity": "sha512-H0TpHaM2k8cG4Gy+JTw8Mb5HOWpw8YYhPEOxelcsXBdNeReGUudHZArAelwhoEJP/WOaqKkLiZoQT5Kn2r4VlA==",
      "cpu": [
        "x64"
      ],
      "license": "Apache-2.0",
      "optional": true,
      "os": [
        "linux"
      ]
    },
    "node_modules/@decibri/decibri-win32-arm64-msvc": {
      "version": "5.7.0",
      "resolved": "https://registry.npmjs.org/@decibri/decibri-win32-arm64-msvc/-/decibri-win32-arm64-msvc-5.7.0.tgz",
      "integrity": "sha512-jO0v5M2z17jrlubHYdddAzZIQ7S0TT5jCeY0+a3PAfbPynpY5D74qFilVxa7oRMzvldMzXnpYNP1q7zB+8yWCQ==",
      "cpu": [
        "arm64"
      ],
      "license": "Apache-2.0",
      "optional": true,
      "os": [
        "win32"
      ]
    },
    "node_modules/@decibri/decibri-win32-x64-msvc": {
      "version": "5.7.0",
      "resolved": "https://registry.npmjs.org/@decibri/decibri-win32-x64-msvc/-/decibri-win32-x64-msvc-5.7.0.tgz",
      "integrity": "sha512-msAY4Ig2V19LdNFul1iD/p0NVXJWjEM7dF/6psh6BfNTz3pQKPB2yJatZR2p/MpggEBDY+P9bqm3eyg2upwVtw==",
      "cpu": [
        "x64"
      ],
      "license": "Apache-2.0",
      "optional": true,
      "os": [
        "win32"
      ]
    },
    "node_modules/app-root-path": {
      "version": "3.1.0",
      "resolved": "https://registry.npmjs.org/app-root-path/-/app-root-path-3.1.0.tgz",
      "integrity": "sha512-biN3PwB2gUtjaYy/isrU3aNWI5w+fAfvHkSvCKeQGxhmYpwKFUxudR3Yya+KqVRHBmEDYh+/lTozYCFbmzX4nA==",
      "license": "MIT",
      "engines": {
        "node": ">= 6.0.0"
      }
    },
    "node_modules/decibri": {
      "version": "5.7.0",
      "resolved": "https://registry.npmjs.org/decibri/-/decibri-5.7.0.tgz",
      "integrity": "sha512-M2LoVPG6uEufk5x1oaFDP1ml/r04nTmgzZ1TKJrb2tCva8tkDLtWoujT9Nt5g2rXk3/52Ekymmp2aFs3lyco4Q==",
      "cpu": [
        "x64",
        "arm64"
      ],
      "license": "Apache-2.0",
      "os": [
        "win32",
        "darwin",
        "linux"
      ],
      "engines": {
        "node": ">=18.0.0"
      },
      "optionalDependencies": {
        "@decibri/decibri-darwin-arm64": "5.7.0",
        "@decibri/decibri-linux-arm64-gnu": "5.7.0",
        "@decibri/decibri-linux-x64-gnu": "5.7.0",
        "@decibri/decibri-win32-arm64-msvc": "5.7.0",
        "@decibri/decibri-win32-x64-msvc": "5.7.0"
      }
    },
    "node_modules/sentencepiece-js": {
      "version": "1.1.0",
      "resolved": "https://registry.npmjs.org/sentencepiece-js/-/sentencepiece-js-1.1.0.tgz",
      "integrity": "sha512-HN6teKCRO9tz37zbaNI3i+vMZ/JRWDt6kmZ7OVpzQv1jZHyYNmf5tE7CFpIYN86+y9TLB0cuscMdA3OHhT/MhQ==",
      "license": "Apache-2.0",
      "dependencies": {
        "app-root-path": "^3.1.0"
      }
    },
    "node_modules/sherpa-onnx": {
      "version": "1.12.28",
      "resolved": "https://registry.npmjs.org/sherpa-onnx/-/sherpa-onnx-1.12.28.tgz",
      "integrity": "sha512-PaOuTCUA/Vh5o3zcq+z3j1Zpv2VlP7iubOgYoVODDyeFDicRxjskiEQqERdWEcpQUi6vh47q3A63bS7Y9FRHNg==",
      "license": "Apache-2.0"
    }
  }
}
